
Microsoft Visual Studio Solution File, Format Version 12.00
# Visual Studio Version 17
VisualStudioVersion = 17.3.32929.385
MinimumVisualStudioVersion = 10.0.40219.1
Project("{FAE04EC0-301F-11D3-BF4B-00C04F79EFBC}") = "SnakeGame", "SnakeGame\SnakeGame.csproj", "{88D82CB4-CFAF-4068-A01B-E9EFFEB37F00}"
EndProject
Global
	GlobalSection(SolutionConfigurationPlatforms) = preSolution
		Debug|Any CPU = Debug|Any CPU
		Release|Any CPU = Release|Any CPU
	EndGlobalSection
	GlobalSection(ProjectConfigurationPlatforms) = postSolution
		{88D82CB4-CFAF-4068-A01B-E9EFFEB37F00}.Debug|Any CPU.ActiveCfg = Debug|Any CPU
		{88D82CB4-CFAF-4068-A01B-E9EFFEB37F00}.Debug|Any CPU.Build.0 = Debug|Any CPU
		{88D82CB4-CFAF-4068-A01B-E9EFFEB37F00}.Release|Any CPU.ActiveCfg = Release|Any CPU
		{88D82CB4-CFAF-4068-A01B-E9EFFEB37F00}.Release|Any CPU.Build.0 = Release|Any CPU
	EndGlobalSection
	GlobalSection(SolutionProperties) = preSolution
		HideSolutionNode = FALSE
	EndGlobalSection
	GlobalSection(ExtensibilityGlobals) = postSolution
		SolutionGuid = {3804DCE4-F4E0-4468-BF51-DCDE35F7D927}
	EndGlobalSection
EndGlobal
